
Microsoft Visual Studio Solution File, Format Version 12.00
# Visual Studio Version 16
VisualStudioVersion = 16.0.31729.503
MinimumVisualStudioVersion = 10.0.40219.1
Project("{FAE04EC0-301F-11D3-BF4B-00C04F79EFBC}") = "Labb 5 (Generic class)", "Labb 5 (Generic class)\Labb 5 (Generic class).csproj", "{9F4424DE-6BEF-4487-A0D7-0D1A5CABCB1A}"
EndProject
Global
	GlobalSection(SolutionConfigurationPlatforms) = preSolution
		Debug|Any CPU = Debug|Any CPU
		Release|Any CPU = Release|Any CPU
	EndGlobalSection
	GlobalSection(ProjectConfigurationPlatforms) = postSolution
		{9F4424DE-6BEF-4487-A0D7-0D1A5CABCB1A}.Debug|Any CPU.ActiveCfg = Debug|Any CPU
		{9F4424DE-6BEF-4487-A0D7-0D1A5CABCB1A}.Debug|Any CPU.Build.0 = Debug|Any CPU
		{9F4424DE-6BEF-4487-A0D7-0D1A5CABCB1A}.Release|Any CPU.ActiveCfg = Release|Any CPU
		{9F4424DE-6BEF-4487-A0D7-0D1A5CABCB1A}.Release|Any CPU.Build.0 = Release|Any CPU
	EndGlobalSection
	GlobalSection(SolutionProperties) = preSolution
		HideSolutionNode = FALSE
	EndGlobalSection
	GlobalSection(ExtensibilityGlobals) = postSolution
		SolutionGuid = {FADC5AF4-49EC-413D-9418-47F7B511023C}
	EndGlobalSection
EndGlobal
